# THIS IS AN AUTOGENERATED FILE. DO NOT EDIT THIS FILE DIRECTLY.
# yarn lockfile v1


"@tootallnate/once@2":
  version "2.0.0"
  resolved "https://registry.npmmirror.com/@tootallnate/once/download/@tootallnate/once-2.0.0.tgz?cache=0&sync_timestamp=1632734046275&other_urls=https%3A%2F%2Fregistry.npmmirror.com%2F%40tootallnate%2Fonce%2Fdownload%2F%40tootallnate%2Fonce-2.0.0.tgz#f544a148d3ab35801c1f633a7441fd87c2e484bf"
  integrity sha1-9UShSNOrNYAcH2M6dEH9h8LkhL8=

agent-base@6:
  version "6.0.2"
  resolved "https://registry.npmmirror.com/agent-base/download/agent-base-6.0.2.tgz#49fff58577cfee3f37176feab4c22e00f86d7f77"
  integrity sha1-Sf/1hXfP7j83F2/qtMIuAPhtf3c=
  dependencies:
    debug "4"

asn1@^0.2.4:
  version "0.2.6"
  resolved "https://registry.npmmirror.com/asn1/download/asn1-0.2.6.tgz?cache=0&sync_timestamp=1635986760581&other_urls=https%3A%2F%2Fregistry.npmmirror.com%2Fasn1%2Fdownload%2Fasn1-0.2.6.tgz#0d3a7bb6e64e02a90c0303b31f292868ea09a08d"
  integrity sha1-DTp7tuZOAqkMAwOzHykoaOoJoI0=
  dependencies:
    safer-buffer "~2.1.0"

boolbase@^1.0.0:
  version "1.0.0"
  resolved "https://registry.npm.taobao.org/boolbase/download/boolbase-1.0.0.tgz#68dff5fbe60c51eb37725ea9e3ed310dcc1e776e"
  integrity sha1-aN/1++YMUes3cl6p4+0xDcwed24=

cheerio-select@^1.5.0:
  version "1.5.0"
  resolved "https://registry.nlark.com/cheerio-select/download/cheerio-select-1.5.0.tgz#faf3daeb31b17c5e1a9dabcee288aaf8aafa5823"
  integrity sha1-+vPa6zGxfF4anavO4oiq+Kr6WCM=
  dependencies:
    css-select "^4.1.3"
    css-what "^5.0.1"
    domelementtype "^2.2.0"
    domhandler "^4.2.0"
    domutils "^2.7.0"

cheerio@^1.0.0-rc.10:
  version "1.0.0-rc.10"
  resolved "https://registry.nlark.com/cheerio/download/cheerio-1.0.0-rc.10.tgz#2ba3dcdfcc26e7956fc1f440e61d51c643379f3e"
  integrity sha1-K6Pc38wm55VvwfRA5h1RxkM3nz4=
  dependencies:
    cheerio-select "^1.5.0"
    dom-serializer "^1.3.2"
    domhandler "^4.2.0"
    htmlparser2 "^6.1.0"
    parse5 "^6.0.1"
    parse5-htmlparser2-tree-adapter "^6.0.1"
    tslib "^2.2.0"

css-select@^4.1.3:
  version "4.1.3"
  resolved "https://registry.nlark.com/css-select/download/css-select-4.1.3.tgz?cache=0&sync_timestamp=1622994276976&other_urls=https%3A%2F%2Fregistry.nlark.com%2Fcss-select%2Fdownload%2Fcss-select-4.1.3.tgz#a70440f70317f2669118ad74ff105e65849c7067"
  integrity sha1-pwRA9wMX8maRGK10/xBeZYSccGc=
  dependencies:
    boolbase "^1.0.0"
    css-what "^5.0.0"
    domhandler "^4.2.0"
    domutils "^2.6.0"
    nth-check "^2.0.0"

css-what@^5.0.0, css-what@^5.0.1:
  version "5.1.0"
  resolved "https://registry.npmmirror.com/css-what/download/css-what-5.1.0.tgz#3f7b707aadf633baf62c2ceb8579b545bb40f7fe"
  integrity sha1-P3tweq32M7r2LCzrhXm1RbtA9/4=

data-uri-to-buffer@^4.0.0:
  version "4.0.0"
  resolved "https://registry.npmmirror.com/data-uri-to-buffer/download/data-uri-to-buffer-4.0.0.tgz?cache=0&sync_timestamp=1632737517013&other_urls=https%3A%2F%2Fregistry.npmmirror.com%2Fdata-uri-to-buffer%2Fdownload%2Fdata-uri-to-buffer-4.0.0.tgz#b5db46aea50f6176428ac05b73be39a57701a64b"
  integrity sha1-tdtGrqUPYXZCisBbc745pXcBpks=

debug@4:
  version "4.3.2"
  resolved "https://registry.npmmirror.com/debug/download/debug-4.3.2.tgz#f0a49c18ac8779e31d4a0c6029dfb76873c7428b"
  integrity sha1-8KScGKyHeeMdSgxgKd+3aHPHQos=
  dependencies:
    ms "2.1.2"

dom-serializer@^1.0.1, dom-serializer@^1.3.2:
  version "1.3.2"
  resolved "https://registry.nlark.com/dom-serializer/download/dom-serializer-1.3.2.tgz?cache=0&sync_timestamp=1621256858583&other_urls=https%3A%2F%2Fregistry.nlark.com%2Fdom-serializer%2Fdownload%2Fdom-serializer-1.3.2.tgz#6206437d32ceefaec7161803230c7a20bc1b4d91"
  integrity sha1-YgZDfTLO767HFhgDIwx6ILwbTZE=
  dependencies:
    domelementtype "^2.0.1"
    domhandler "^4.2.0"
    entities "^2.0.0"

domelementtype@^2.0.1, domelementtype@^2.2.0:
  version "2.2.0"
  resolved "https://registry.npm.taobao.org/domelementtype/download/domelementtype-2.2.0.tgz?cache=0&sync_timestamp=1617298495910&other_urls=https%3A%2F%2Fregistry.npm.taobao.org%2Fdomelementtype%2Fdownload%2Fdomelementtype-2.2.0.tgz#9a0b6c2782ed6a1c7323d42267183df9bd8b1d57"
  integrity sha1-mgtsJ4LtahxzI9QiZxg9+b2LHVc=

domhandler@^4.0.0, domhandler@^4.2.0:
  version "4.2.2"
  resolved "https://registry.nlark.com/domhandler/download/domhandler-4.2.2.tgz?cache=0&sync_timestamp=1630246778110&other_urls=https%3A%2F%2Fregistry.nlark.com%2Fdomhandler%2Fdownload%2Fdomhandler-4.2.2.tgz#e825d721d19a86b8c201a35264e226c678ee755f"
  integrity sha1-6CXXIdGahrjCAaNSZOImxnjudV8=
  dependencies:
    domelementtype "^2.2.0"

domutils@^2.5.2, domutils@^2.6.0, domutils@^2.7.0:
  version "2.8.0"
  resolved "https://registry.nlark.com/domutils/download/domutils-2.8.0.tgz#4437def5db6e2d1f5d6ee859bd95ca7d02048135"
  integrity sha1-RDfe9dtuLR9dbuhZvZXKfQIEgTU=
  dependencies:
    dom-serializer "^1.0.1"
    domelementtype "^2.2.0"
    domhandler "^4.2.0"

entities@^2.0.0:
  version "2.2.0"
  resolved "https://registry.nlark.com/entities/download/entities-2.2.0.tgz#098dc90ebb83d8dffa089d55256b351d34c4da55"
  integrity sha1-CY3JDruD2N/6CJ1VJWs1HTTE2lU=

fetch-blob@^3.1.2:
  version "3.1.2"
  resolved "https://registry.nlark.com/fetch-blob/download/fetch-blob-3.1.2.tgz#6bc438675f3851ecea51758ac91f6a1cd1bacabd"
  integrity sha1-a8Q4Z184UezqUXWKyR9qHNG6yr0=
  dependencies:
    web-streams-polyfill "^3.0.3"

fetch-cookie@^1.0.0:
  version "1.0.0"
  resolved "https://registry.nlark.com/fetch-cookie/download/fetch-cookie-1.0.0.tgz#77541b67821ea7c8cfa9bfd4b59e16bc5f7c69df"
  integrity sha1-d1QbZ4Iep8jPqb/UtZ4WvF98ad8=
  dependencies:
    tough-cookie "^2.3.3 || ^3.0.1 || ^4.0.0"

formdata-polyfill@^4.0.10:
  version "4.0.10"
  resolved "https://registry.npmmirror.com/formdata-polyfill/download/formdata-polyfill-4.0.10.tgz?cache=0&sync_timestamp=1633010221921&other_urls=https%3A%2F%2Fregistry.npmmirror.com%2Fformdata-polyfill%2Fdownload%2Fformdata-polyfill-4.0.10.tgz#24807c31c9d402e002ab3d8c720144ceb8848423"
  integrity sha1-JIB8McnUAuACqz2McgFEzriEhCM=
  dependencies:
    fetch-blob "^3.1.2"

gitee-client@^0.2.0:
  version "0.2.0"
  resolved "https://registry.npmmirror.com/gitee-client/download/gitee-client-0.2.0.tgz#88aa04a419e949c96d6d429def679e5c4d46535a"
  integrity sha1-iKoEpBnpScltbUKd72eeXE1GU1o=

htmlparser2@^6.1.0:
  version "6.1.0"
  resolved "https://registry.npmmirror.com/htmlparser2/download/htmlparser2-6.1.0.tgz?cache=0&sync_timestamp=1636640853072&other_urls=https%3A%2F%2Fregistry.npmmirror.com%2Fhtmlparser2%2Fdownload%2Fhtmlparser2-6.1.0.tgz#c4d762b6c3371a05dbe65e94ae43a9f845fb8fb7"
  integrity sha1-xNditsM3GgXb5l6UrkOp+EX7j7c=
  dependencies:
    domelementtype "^2.0.1"
    domhandler "^4.0.0"
    domutils "^2.5.2"
    entities "^2.0.0"

http-proxy-agent@^5.0.0:
  version "5.0.0"
  resolved "https://registry.npmmirror.com/http-proxy-agent/download/http-proxy-agent-5.0.0.tgz#5129800203520d434f142bc78ff3c170800f2b43"
  integrity sha1-USmAAgNSDUNPFCvHj/PBcIAPK0M=
  dependencies:
    "@tootallnate/once" "2"
    agent-base "6"
    debug "4"

ms@2.1.2:
  version "2.1.2"
  resolved "https://registry.npmmirror.com/ms/download/ms-2.1.2.tgz#d09d1f357b443f493382a8eb3ccd183872ae6009"
  integrity sha1-0J0fNXtEP0kzgqjrPM0YOHKuYAk=

node-fetch@^3.1.0:
  version "3.1.0"
  resolved "https://registry.npmmirror.com/node-fetch/download/node-fetch-3.1.0.tgz?cache=0&sync_timestamp=1636395469986&other_urls=https%3A%2F%2Fregistry.npmmirror.com%2Fnode-fetch%2Fdownload%2Fnode-fetch-3.1.0.tgz#714f4922dc270239487654eaeeab86b8206cb52e"
  integrity sha512-QU0WbIfMUjd5+MUzQOYhenAazakV7Irh1SGkWCsRzBwvm4fAhzEUaHMJ6QLP7gWT6WO9/oH2zhKMMGMuIrDyKw==
  dependencies:
    data-uri-to-buffer "^4.0.0"
    fetch-blob "^3.1.2"
    formdata-polyfill "^4.0.10"

node-rsa@^1.1.1:
  version "1.1.1"
  resolved "https://registry.npmmirror.com/node-rsa/download/node-rsa-1.1.1.tgz#efd9ad382097782f506153398496f79e4464434d"
  integrity sha1-79mtOCCXeC9QYVM5hJb3nkRkQ00=
  dependencies:
    asn1 "^0.2.4"

nth-check@^2.0.0:
  version "2.0.1"
  resolved "https://registry.nlark.com/nth-check/download/nth-check-2.0.1.tgz#2efe162f5c3da06a28959fbd3db75dbeea9f0fc2"
  integrity sha1-Lv4WL1w9oGoolZ+9PbddvuqfD8I=
  dependencies:
    boolbase "^1.0.0"

parse5-htmlparser2-tree-adapter@^6.0.1:
  version "6.0.1"
  resolved "https://registry.npm.taobao.org/parse5-htmlparser2-tree-adapter/download/parse5-htmlparser2-tree-adapter-6.0.1.tgz#2cdf9ad823321140370d4dbf5d3e92c7c8ddc6e6"
  integrity sha1-LN+a2CMyEUA3DU2/XT6Sx8jdxuY=
  dependencies:
    parse5 "^6.0.1"

parse5@^6.0.1:
  version "6.0.1"
  resolved "https://registry.nlark.com/parse5/download/parse5-6.0.1.tgz#e1a1c085c569b3dc08321184f19a39cc27f7c30b"
  integrity sha1-4aHAhcVps9wIMhGE8Zo5zCf3wws=

psl@^1.1.33:
  version "1.8.0"
  resolved "https://registry.nlark.com/psl/download/psl-1.8.0.tgz#9326f8bcfb013adcc005fdff056acce020e51c24"
  integrity sha1-kyb4vPsBOtzABf3/BWrM4CDlHCQ=

punycode@^2.1.1:
  version "2.1.1"
  resolved "https://registry.npm.taobao.org/punycode/download/punycode-2.1.1.tgz#b58b010ac40c22c5657616c8d2c2c02c7bf479ec"
  integrity sha1-tYsBCsQMIsVldhbI0sLALHv0eew=

safer-buffer@~2.1.0:
  version "2.1.2"
  resolved "https://registry.npm.taobao.org/safer-buffer/download/safer-buffer-2.1.2.tgz#44fa161b0187b9549dd84bb91802f9bd8385cd6a"
  integrity sha1-RPoWGwGHuVSd2Eu5GAL5vYOFzWo=

sleep-anywhere@^2.1.0:
  version "2.1.0"
  resolved "https://registry.npmmirror.com/sleep-anywhere/download/sleep-anywhere-2.1.0.tgz#be9648a08a44f91885b40e6f31c48cf160df5682"
  integrity sha1-vpZIoIpE+RiFtA5vMcSM8WDfVoI=

tough-cookie-file-store@^2.0.3:
  version "2.0.3"
  resolved "https://registry.npmmirror.com/tough-cookie-file-store/download/tough-cookie-file-store-2.0.3.tgz#788f7a6fe5cd8f61a1afb71b2f0b964ebf914b80"
  integrity sha1-eI96b+XNj2Ghr7cbLwuWTr+RS4A=
  dependencies:
    tough-cookie "^4.0.0"

"tough-cookie@^2.3.3 || ^3.0.1 || ^4.0.0", tough-cookie@^4.0.0:
  version "4.0.0"
  resolved "https://registry.nlark.com/tough-cookie/download/tough-cookie-4.0.0.tgz#d822234eeca882f991f0f908824ad2622ddbece4"
  integrity sha1-2CIjTuyogvmR8PkIgkrSYi3b7OQ=
  dependencies:
    psl "^1.1.33"
    punycode "^2.1.1"
    universalify "^0.1.2"

tslib@^2.2.0:
  version "2.3.1"
  resolved "https://registry.nlark.com/tslib/download/tslib-2.3.1.tgz#e8a335add5ceae51aa261d32a490158ef042ef01"
  integrity sha1-6KM1rdXOrlGqJh0ypJAVjvBC7wE=

universalify@^0.1.2:
  version "0.1.2"
  resolved "https://registry.nlark.com/universalify/download/universalify-0.1.2.tgz#b646f69be3942dabcecc9d6639c80dc105efaa66"
  integrity sha1-tkb2m+OULavOzJ1mOcgNwQXvqmY=

url-search-params@^1.1.0:
  version "1.1.0"
  resolved "https://registry.npmmirror.com/url-search-params/download/url-search-params-1.1.0.tgz#865669a6e4e9e5543f86fc972b27c91485375326"
  integrity sha1-hlZppuTp5VQ/hvyXKyfJFIU3UyY=

web-streams-polyfill@^3.0.3:
  version "3.2.0"
  resolved "https://registry.npmmirror.com/web-streams-polyfill/download/web-streams-polyfill-3.2.0.tgz?cache=0&sync_timestamp=1636211225188&other_urls=https%3A%2F%2Fregistry.npmmirror.com%2Fweb-streams-polyfill%2Fdownload%2Fweb-streams-polyfill-3.2.0.tgz#a6b74026b38e4885869fb5c589e90b95ccfc7965"
  integrity sha1-prdAJrOOSIWGn7XFiekLlcz8eWU=
